
Microsoft Visual Studio Solution File, Format Version 12.00
# Visual Studio Version 17
VisualStudioVersion = 17.0.31903.59
MinimumVisualStudioVersion = 10.0.40219.1
Project("{FAE04EC0-301F-11D3-BF4B-00C04F79EFBC}") = "RestaurantePDV.Domain", "RestaurantePDV.Domain\RestaurantePDV.Domain.csproj", "{6ED5270D-A061-46B1-A425-3FF3749EC8D4}"
EndProject
Project("{FAE04EC0-301F-11D3-BF4B-00C04F79EFBC}") = "RestaurantePDV.Application", "RestaurantePDV.Application\RestaurantePDV.Application.csproj", "{412F6904-5536-4970-A165-7FA7985198E5}"
EndProject
Project("{FAE04EC0-301F-11D3-BF4B-00C04F79EFBC}") = "RestaurantePDV.Infrastructure", "RestaurantePDV.Infrastructure\RestaurantePDV.Infrastructure.csproj", "{188C8181-5C26-46CA-800F-0E646CB7210D}"
EndProject
Project("{FAE04EC0-301F-11D3-BF4B-00C04F79EFBC}") = "RestaurantePDV.API", "RestaurantePDV.API\RestaurantePDV.API.csproj", "{8A99E2C6-5726-4834-B7FA-7709CD0BB377}"
EndProject
Global
	GlobalSection(SolutionConfigurationPlatforms) = preSolution
		Debug|Any CPU = Debug|Any CPU
		Debug|x64 = Debug|x64
		Debug|x86 = Debug|x86
		Release|Any CPU = Release|Any CPU
		Release|x64 = Release|x64
		Release|x86 = Release|x86
	EndGlobalSection
	GlobalSection(ProjectConfigurationPlatforms) = postSolution
		{6ED5270D-A061-46B1-A425-3FF3749EC8D4}.Debug|Any CPU.ActiveCfg = Debug|Any CPU
		{6ED5270D-A061-46B1-A425-3FF3749EC8D4}.Debug|Any CPU.Build.0 = Debug|Any CPU
		{6ED5270D-A061-46B1-A425-3FF3749EC8D4}.Debug|x64.ActiveCfg = Debug|Any CPU
		{6ED5270D-A061-46B1-A425-3FF3749EC8D4}.Debug|x64.Build.0 = Debug|Any CPU
		{6ED5270D-A061-46B1-A425-3FF3749EC8D4}.Debug|x86.ActiveCfg = Debug|Any CPU
		{6ED5270D-A061-46B1-A425-3FF3749EC8D4}.Debug|x86.Build.0 = Debug|Any CPU
		{6ED5270D-A061-46B1-A425-3FF3749EC8D4}.Release|Any CPU.ActiveCfg = Release|Any CPU
		{6ED5270D-A061-46B1-A425-3FF3749EC8D4}.Release|Any CPU.Build.0 = Release|Any CPU
		{6ED5270D-A061-46B1-A425-3FF3749EC8D4}.Release|x64.ActiveCfg = Release|Any CPU
		{6ED5270D-A061-46B1-A425-3FF3749EC8D4}.Release|x64.Build.0 = Release|Any CPU
		{6ED5270D-A061-46B1-A425-3FF3749EC8D4}.Release|x86.ActiveCfg = Release|Any CPU
		{6ED5270D-A061-46B1-A425-3FF3749EC8D4}.Release|x86.Build.0 = Release|Any CPU
		{412F6904-5536-4970-A165-7FA7985198E5}.Debug|Any CPU.ActiveCfg = Debug|Any CPU
		{412F6904-5536-4970-A165-7FA7985198E5}.Debug|Any CPU.Build.0 = Debug|Any CPU
		{412F6904-5536-4970-A165-7FA7985198E5}.Debug|x64.ActiveCfg = Debug|Any CPU
		{412F6904-5536-4970-A165-7FA7985198E5}.Debug|x64.Build.0 = Debug|Any CPU
		{412F6904-5536-4970-A165-7FA7985198E5}.Debug|x86.ActiveCfg = Debug|Any CPU
		{412F6904-5536-4970-A165-7FA7985198E5}.Debug|x86.Build.0 = Debug|Any CPU
		{412F6904-5536-4970-A165-7FA7985198E5}.Release|Any CPU.ActiveCfg = Release|Any CPU
		{412F6904-5536-4970-A165-7FA7985198E5}.Release|Any CPU.Build.0 = Release|Any CPU
		{412F6904-5536-4970-A165-7FA7985198E5}.Release|x64.ActiveCfg = Release|Any CPU
		{412F6904-5536-4970-A165-7FA7985198E5}.Release|x64.Build.0 = Release|Any CPU
		{412F6904-5536-4970-A165-7FA7985198E5}.Release|x86.ActiveCfg = Release|Any CPU
		{412F6904-5536-4970-A165-7FA7985198E5}.Release|x86.Build.0 = Release|Any CPU
		{188C8181-5C26-46CA-800F-0E646CB7210D}.Debug|Any CPU.ActiveCfg = Debug|Any CPU
		{188C8181-5C26-46CA-800F-0E646CB7210D}.Debug|Any CPU.Build.0 = Debug|Any CPU
		{188C8181-5C26-46CA-800F-0E646CB7210D}.Debug|x64.ActiveCfg = Debug|Any CPU
		{188C8181-5C26-46CA-800F-0E646CB7210D}.Debug|x64.Build.0 = Debug|Any CPU
		{188C8181-5C26-46CA-800F-0E646CB7210D}.Debug|x86.ActiveCfg = Debug|Any CPU
		{188C8181-5C26-46CA-800F-0E646CB7210D}.Debug|x86.Build.0 = Debug|Any CPU
		{188C8181-5C26-46CA-800F-0E646CB7210D}.Release|Any CPU.ActiveCfg = Release|Any CPU
		{188C8181-5C26-46CA-800F-0E646CB7210D}.Release|Any CPU.Build.0 = Release|Any CPU
		{188C8181-5C26-46CA-800F-0E646CB7210D}.Release|x64.ActiveCfg = Release|Any CPU
		{188C8181-5C26-46CA-800F-0E646CB7210D}.Release|x64.Build.0 = Release|Any CPU
		{188C8181-5C26-46CA-800F-0E646CB7210D}.Release|x86.ActiveCfg = Release|Any CPU
		{188C8181-5C26-46CA-800F-0E646CB7210D}.Release|x86.Build.0 = Release|Any CPU
		{8A99E2C6-5726-4834-B7FA-7709CD0BB377}.Debug|Any CPU.ActiveCfg = Debug|Any CPU
		{8A99E2C6-5726-4834-B7FA-7709CD0BB377}.Debug|Any CPU.Build.0 = Debug|Any CPU
		{8A99E2C6-5726-4834-B7FA-7709CD0BB377}.Debug|x64.ActiveCfg = Debug|Any CPU
		{8A99E2C6-5726-4834-B7FA-7709CD0BB377}.Debug|x64.Build.0 = Debug|Any CPU
		{8A99E2C6-5726-4834-B7FA-7709CD0BB377}.Debug|x86.ActiveCfg = Debug|Any CPU
		{8A99E2C6-5726-4834-B7FA-7709CD0BB377}.Debug|x86.Build.0 = Debug|Any CPU
		{8A99E2C6-5726-4834-B7FA-7709CD0BB377}.Release|Any CPU.ActiveCfg = Release|Any CPU
		{8A99E2C6-5726-4834-B7FA-7709CD0BB377}.Release|Any CPU.Build.0 = Release|Any CPU
		{8A99E2C6-5726-4834-B7FA-7709CD0BB377}.Release|x64.ActiveCfg = Release|Any CPU
		{8A99E2C6-5726-4834-B7FA-7709CD0BB377}.Release|x64.Build.0 = Release|Any CPU
		{8A99E2C6-5726-4834-B7FA-7709CD0BB377}.Release|x86.ActiveCfg = Release|Any CPU
		{8A99E2C6-5726-4834-B7FA-7709CD0BB377}.Release|x86.Build.0 = Release|Any CPU
	EndGlobalSection
	GlobalSection(SolutionProperties) = preSolution
		HideSolutionNode = FALSE
	EndGlobalSection
EndGlobal
